{
  "name": "pages",
  "version": "1.0.0",
  "lockfileVersion": 1,
  "requires": true,
  "dependencies": {
    "lin-ui": {
      "version": "0.9.10",
      "resolved": "https://registry.npmjs.org/lin-ui/-/lin-ui-0.9.10.tgz",
      "integrity": "sha512-8fE5zAz+qEnPqDRey+sSophQ9DFqSqR1PTLNmRgUb3DTlzgi0r/K/mBmxSv8WM0qiLTFF0E66/mfacGLzJGuig=="
    }
  }
}
